// !$*UTF8*$!
{
	archiveVersion = 1;
	classes = {
	};
	objectVersion = 56;
	objects = {

/* Begin PBXBuildFile section */
		231F82CC2C690702007ADD5E /* CustomCellForIrregularEvent.swift in Sources */ = {isa = PBXBuildFile; fileRef = 231F82CB2C690702007ADD5E /* CustomCellForIrregularEvent.swift */; };
		2331299A2C3B6AA000823183 /* MainScreen.swift in Sources */ = {isa = PBXBuildFile; fileRef = 233129992C3B6AA000823183 /* MainScreen.swift */; };
		2331299C2C3B7B3A00823183 /* StatisticsViewController.swift in Sources */ = {isa = PBXBuildFile; fileRef = 2331299B2C3B7B3A00823183 /* StatisticsViewController.swift */; };
		234043342C3ABABC00DCAA35 /* AppDelegate.swift in Sources */ = {isa = PBXBuildFile; fileRef = 234043332C3ABABC00DCAA35 /* AppDelegate.swift */; };
		234043362C3ABABC00DCAA35 /* SceneDelegate.swift in Sources */ = {isa = PBXBuildFile; fileRef = 234043352C3ABABC00DCAA35 /* SceneDelegate.swift */; };
		2340433D2C3ABABF00DCAA35 /* Assets.xcassets in Resources */ = {isa = PBXBuildFile; fileRef = 2340433C2C3ABABF00DCAA35 /* Assets.xcassets */; };
		234043402C3ABABF00DCAA35 /* LaunchScreen.storyboard in Resources */ = {isa = PBXBuildFile; fileRef = 2340433E2C3ABABF00DCAA35 /* LaunchScreen.storyboard */; };
		2381F8762C63DDD500DA3D52 /* PaddedTextField.swift in Sources */ = {isa = PBXBuildFile; fileRef = 2381F8752C63DDD500DA3D52 /* PaddedTextField.swift */; };
		238AB6D92C5E12EE00765287 /* IrregularEventScreenViewController.swift in Sources */ = {isa = PBXBuildFile; fileRef = 238AB6D82C5E12EE00765287 /* IrregularEventScreenViewController.swift */; };
		238AB6DB2C5E2ABF00765287 /* Week days.swift in Sources */ = {isa = PBXBuildFile; fileRef = 238AB6DA2C5E2ABF00765287 /* Week days.swift */; };
		238AB6DD2C5E337400765287 /* ScheduleCellTracker.swift in Sources */ = {isa = PBXBuildFile; fileRef = 238AB6DC2C5E337400765287 /* ScheduleCellTracker.swift */; };
		239C6A4B2C68D6D10054F0A9 /* CategoryViewController.swift in Sources */ = {isa = PBXBuildFile; fileRef = 239C6A4A2C68D6D10054F0A9 /* CategoryViewController.swift */; };
		23EBBD0F2C4D36BA00C1617B /* CollectionCellTracker.swift in Sources */ = {isa = PBXBuildFile; fileRef = 23EBBD0E2C4D36BA00C1617B /* CollectionCellTracker.swift */; };
		23EBBD112C4D36D800C1617B /* SupplementaryView.swift in Sources */ = {isa = PBXBuildFile; fileRef = 23EBBD102C4D36D800C1617B /* SupplementaryView.swift */; };
		23EBBD142C4D370900C1617B /* ExtensionTextField.swift in Sources */ = {isa = PBXBuildFile; fileRef = 23EBBD132C4D370900C1617B /* ExtensionTextField.swift */; };
		23EBBD162C4D3B4700C1617B /* Constants.swift in Sources */ = {isa = PBXBuildFile; fileRef = 23EBBD152C4D3B4700C1617B /* Constants.swift */; };
		23EE9B7D2C3FAB7100219C3A /* Tracker Struct.swift in Sources */ = {isa = PBXBuildFile; fileRef = 23EE9B7C2C3FAB7100219C3A /* Tracker Struct.swift */; };
		23EE9B812C3FAC9D00219C3A /* TrackerCategory.swift in Sources */ = {isa = PBXBuildFile; fileRef = 23EE9B802C3FAC9D00219C3A /* TrackerCategory.swift */; };
		23EE9B832C3FB3C400219C3A /* TrackerRecord.swift in Sources */ = {isa = PBXBuildFile; fileRef = 23EE9B822C3FB3C400219C3A /* TrackerRecord.swift */; };
		23EE9B852C40399B00219C3A /* ChoiceViewController.swift in Sources */ = {isa = PBXBuildFile; fileRef = 23EE9B842C40399B00219C3A /* ChoiceViewController.swift */; };
		23EE9B872C40630200219C3A /* HabitCreationScreenViewController.swift in Sources */ = {isa = PBXBuildFile; fileRef = 23EE9B862C40630200219C3A /* HabitCreationScreenViewController.swift */; };
		23EE9B892C41B76300219C3A /* ScheduleCreatorViewController.swift in Sources */ = {isa = PBXBuildFile; fileRef = 23EE9B882C41B76300219C3A /* ScheduleCreatorViewController.swift */; };
		23EE9B8B2C42BB2C00219C3A /* CustomCellForHabitVC.swift in Sources */ = {isa = PBXBuildFile; fileRef = 23EE9B8A2C42BB2C00219C3A /* CustomCellForHabitVC.swift */; };
		23EE9B902C4467BA00219C3A /* TabBarViewController.swift in Sources */ = {isa = PBXBuildFile; fileRef = 23EE9B8F2C4467BA00219C3A /* TabBarViewController.swift */; };
/* End PBXBuildFile section */

/* Begin PBXFileReference section */
		231F82CB2C690702007ADD5E /* CustomCellForIrregularEvent.swift */ = {isa = PBXFileReference; lastKnownFileType = sourcecode.swift; path = CustomCellForIrregularEvent.swift; sourceTree = "<group>"; };
		233129992C3B6AA000823183 /* MainScreen.swift */ = {isa = PBXFileReference; lastKnownFileType = sourcecode.swift; path = MainScreen.swift; sourceTree = "<group>"; };
		2331299B2C3B7B3A00823183 /* StatisticsViewController.swift */ = {isa = PBXFileReference; lastKnownFileType = sourcecode.swift; path = StatisticsViewController.swift; sourceTree = "<group>"; };
		234043302C3ABABC00DCAA35 /* Tracker.app */ = {isa = PBXFileReference; explicitFileType = wrapper.application; includeInIndex = 0; path = Tracker.app; sourceTree = BUILT_PRODUCTS_DIR; };
		234043332C3ABABC00DCAA35 /* AppDelegate.swift */ = {isa = PBXFileReference; lastKnownFileType = sourcecode.swift; path = AppDelegate.swift; sourceTree = "<group>"; };
		234043352C3ABABC00DCAA35 /* SceneDelegate.swift */ = {isa = PBXFileReference; lastKnownFileType = sourcecode.swift; path = SceneDelegate.swift; sourceTree = "<group>"; };
		2340433C2C3ABABF00DCAA35 /* Assets.xcassets */ = {isa = PBXFileReference; lastKnownFileType = folder.assetcatalog; path = Assets.xcassets; sourceTree = "<group>"; };
		2340433F2C3ABABF00DCAA35 /* Base */ = {isa = PBXFileReference; lastKnownFileType = file.storyboard; name = Base; path = Base.lproj/LaunchScreen.storyboard; sourceTree = "<group>"; };
		234043412C3ABABF00DCAA35 /* Info.plist */ = {isa = PBXFileReference; lastKnownFileType = text.plist.xml; path = Info.plist; sourceTree = "<group>"; };
		2381F8752C63DDD500DA3D52 /* PaddedTextField.swift */ = {isa = PBXFileReference; lastKnownFileType = sourcecode.swift; path = PaddedTextField.swift; sourceTree = "<group>"; };
		238AB6D82C5E12EE00765287 /* IrregularEventScreenViewController.swift */ = {isa = PBXFileReference; lastKnownFileType = sourcecode.swift; path = IrregularEventScreenViewController.swift; sourceTree = "<group>"; };
		238AB6DA2C5E2ABF00765287 /* Week days.swift */ = {isa = PBXFileReference; lastKnownFileType = sourcecode.swift; path = "Week days.swift"; sourceTree = "<group>"; };
		238AB6DC2C5E337400765287 /* ScheduleCellTracker.swift */ = {isa = PBXFileReference; lastKnownFileType = sourcecode.swift; path = ScheduleCellTracker.swift; sourceTree = "<group>"; };
		239C6A4A2C68D6D10054F0A9 /* CategoryViewController.swift */ = {isa = PBXFileReference; lastKnownFileType = sourcecode.swift; path = CategoryViewController.swift; sourceTree = "<group>"; };
		23EBBD0E2C4D36BA00C1617B /* CollectionCellTracker.swift */ = {isa = PBXFileReference; lastKnownFileType = sourcecode.swift; path = CollectionCellTracker.swift; sourceTree = "<group>"; };
		23EBBD102C4D36D800C1617B /* SupplementaryView.swift */ = {isa = PBXFileReference; lastKnownFileType = sourcecode.swift; path = SupplementaryView.swift; sourceTree = "<group>"; };
		23EBBD132C4D370900C1617B /* ExtensionTextField.swift */ = {isa = PBXFileReference; lastKnownFileType = sourcecode.swift; path = ExtensionTextField.swift; sourceTree = "<group>"; };
		23EBBD152C4D3B4700C1617B /* Constants.swift */ = {isa = PBXFileReference; lastKnownFileType = sourcecode.swift; path = Constants.swift; sourceTree = "<group>"; };
		23EE9B7C2C3FAB7100219C3A /* Tracker Struct.swift */ = {isa = PBXFileReference; lastKnownFileType = sourcecode.swift; path = "Tracker Struct.swift"; sourceTree = "<group>"; };
		23EE9B802C3FAC9D00219C3A /* TrackerCategory.swift */ = {isa = PBXFileReference; lastKnownFileType = sourcecode.swift; path = TrackerCategory.swift; sourceTree = "<group>"; };
		23EE9B822C3FB3C400219C3A /* TrackerRecord.swift */ = {isa = PBXFileReference; lastKnownFileType = sourcecode.swift; path = TrackerRecord.swift; sourceTree = "<group>"; };
		23EE9B842C40399B00219C3A /* ChoiceViewController.swift */ = {isa = PBXFileReference; lastKnownFileType = sourcecode.swift; path = ChoiceViewController.swift; sourceTree = "<group>"; };
		23EE9B862C40630200219C3A /* HabitCreationScreenViewController.swift */ = {isa = PBXFileReference; lastKnownFileType = sourcecode.swift; path = HabitCreationScreenViewController.swift; sourceTree = "<group>"; };
		23EE9B882C41B76300219C3A /* ScheduleCreatorViewController.swift */ = {isa = PBXFileReference; lastKnownFileType = sourcecode.swift; path = ScheduleCreatorViewController.swift; sourceTree = "<group>"; };
		23EE9B8A2C42BB2C00219C3A /* CustomCellForHabitVC.swift */ = {isa = PBXFileReference; lastKnownFileType = sourcecode.swift; path = CustomCellForHabitVC.swift; sourceTree = "<group>"; };
		23EE9B8F2C4467BA00219C3A /* TabBarViewController.swift */ = {isa = PBXFileReference; lastKnownFileType = sourcecode.swift; path = TabBarViewController.swift; sourceTree = "<group>"; };
/* End PBXFileReference section */

/* Begin PBXFrameworksBuildPhase section */
		2340432D2C3ABABC00DCAA35 /* Frameworks */ = {
			isa = PBXFrameworksBuildPhase;
			buildActionMask = 2147483647;
			files = (
			);
			runOnlyForDeploymentPostprocessing = 0;
		};
/* End PBXFrameworksBuildPhase section */

/* Begin PBXGroup section */
		231F82CA2C6906AF007ADD5E /* CellForIrregularTableView */ = {
			isa = PBXGroup;
			children = (
				231F82CB2C690702007ADD5E /* CustomCellForIrregularEvent.swift */,
			);
			path = CellForIrregularTableView;
			sourceTree = "<group>";
		};
		234043272C3ABABC00DCAA35 = {
			isa = PBXGroup;
			children = (
				234043322C3ABABC00DCAA35 /* Tracker */,
				234043312C3ABABC00DCAA35 /* Products */,
			);
			sourceTree = "<group>";
		};
		234043312C3ABABC00DCAA35 /* Products */ = {
			isa = PBXGroup;
			children = (
				234043302C3ABABC00DCAA35 /* Tracker.app */,
			);
			name = Products;
			sourceTree = "<group>";
		};
		234043322C3ABABC00DCAA35 /* Tracker */ = {
			isa = PBXGroup;
			children = (
				231F82CA2C6906AF007ADD5E /* CellForIrregularTableView */,
				23EBBD122C4D36F700C1617B /* Helpers */,
				238AB6DE2C5E338C00765287 /* CellForSchedule */,
				23EBBD0D2C4D369D00C1617B /* CellForCollectionView */,
				23EE9B8C2C42C0CE00219C3A /* CellsForTableViews */,
				23EE9B7F2C3FAB9800219C3A /* Controllers */,
				23EE9B7E2C3FAB7400219C3A /* Model's */,
				234043332C3ABABC00DCAA35 /* AppDelegate.swift */,
				234043352C3ABABC00DCAA35 /* SceneDelegate.swift */,
				2340433C2C3ABABF00DCAA35 /* Assets.xcassets */,
				2340433E2C3ABABF00DCAA35 /* LaunchScreen.storyboard */,
				234043412C3ABABF00DCAA35 /* Info.plist */,
				239C6A4A2C68D6D10054F0A9 /* CategoryViewController.swift */,
			);
			path = Tracker;
			sourceTree = "<group>";
		};
		238AB6DE2C5E338C00765287 /* CellForSchedule */ = {
			isa = PBXGroup;
			children = (
				238AB6DC2C5E337400765287 /* ScheduleCellTracker.swift */,
			);
			path = CellForSchedule;
			sourceTree = "<group>";
		};
		23EBBD0D2C4D369D00C1617B /* CellForCollectionView */ = {
			isa = PBXGroup;
			children = (
				23EBBD0E2C4D36BA00C1617B /* CollectionCellTracker.swift */,
				23EBBD102C4D36D800C1617B /* SupplementaryView.swift */,
			);
			path = CellForCollectionView;
			sourceTree = "<group>";
		};
		23EBBD122C4D36F700C1617B /* Helpers */ = {
			isa = PBXGroup;
			children = (
				23EBBD132C4D370900C1617B /* ExtensionTextField.swift */,
				23EBBD152C4D3B4700C1617B /* Constants.swift */,
				2381F8752C63DDD500DA3D52 /* PaddedTextField.swift */,
			);
			path = Helpers;
			sourceTree = "<group>";
		};
		23EE9B7E2C3FAB7400219C3A /* Model's */ = {
			isa = PBXGroup;
			children = (
				23EE9B7C2C3FAB7100219C3A /* Tracker Struct.swift */,
				23EE9B802C3FAC9D00219C3A /* TrackerCategory.swift */,
				23EE9B822C3FB3C400219C3A /* TrackerRecord.swift */,
				238AB6DA2C5E2ABF00765287 /* Week days.swift */,
			);
			path = "Model's";
			sourceTree = "<group>";
		};
		23EE9B7F2C3FAB9800219C3A /* Controllers */ = {
			isa = PBXGroup;
			children = (
				233129992C3B6AA000823183 /* MainScreen.swift */,
				2331299B2C3B7B3A00823183 /* StatisticsViewController.swift */,
				23EE9B842C40399B00219C3A /* ChoiceViewController.swift */,
				23EE9B862C40630200219C3A /* HabitCreationScreenViewController.swift */,
				23EE9B882C41B76300219C3A /* ScheduleCreatorViewController.swift */,
				23EE9B8F2C4467BA00219C3A /* TabBarViewController.swift */,
				238AB6D82C5E12EE00765287 /* IrregularEventScreenViewController.swift */,
			);
			path = Controllers;
			sourceTree = "<group>";
		};
		23EE9B8C2C42C0CE00219C3A /* CellsForTableViews */ = {
			isa = PBXGroup;
			children = (
				23EE9B8A2C42BB2C00219C3A /* CustomCellForHabitVC.swift */,
			);
			path = CellsForTableViews;
			sourceTree = "<group>";
		};
/* End PBXGroup section */

/* Begin PBXNativeTarget section */
		2340432F2C3ABABC00DCAA35 /* Tracker */ = {
			isa = PBXNativeTarget;
			buildConfigurationList = 234043442C3ABABF00DCAA35 /* Build configuration list for PBXNativeTarget "Tracker" */;
			buildPhases = (
				2340432C2C3ABABC00DCAA35 /* Sources */,
				2340432D2C3ABABC00DCAA35 /* Frameworks */,
				2340432E2C3ABABC00DCAA35 /* Resources */,
			);
			buildRules = (
			);
			dependencies = (
			);
			name = Tracker;
			productName = Tracker;
			productReference = 234043302C3ABABC00DCAA35 /* Tracker.app */;
			productType = "com.apple.product-type.application";
		};
/* End PBXNativeTarget section */

/* Begin PBXProject section */
		234043282C3ABABC00DCAA35 /* Project object */ = {
			isa = PBXProject;
			attributes = {
				BuildIndependentTargetsInParallel = 1;
				LastSwiftUpdateCheck = 1430;
				LastUpgradeCheck = 1430;
				TargetAttributes = {
					2340432F2C3ABABC00DCAA35 = {
						CreatedOnToolsVersion = 14.3.1;
					};
				};
			};
			buildConfigurationList = 2340432B2C3ABABC00DCAA35 /* Build configuration list for PBXProject "Tracker" */;
			compatibilityVersion = "Xcode 14.0";
			developmentRegion = en;
			hasScannedForEncodings = 0;
			knownRegions = (
				en,
				Base,
			);
			mainGroup = 234043272C3ABABC00DCAA35;
			productRefGroup = 234043312C3ABABC00DCAA35 /* Products */;
			projectDirPath = "";
			projectRoot = "";
			targets = (
				2340432F2C3ABABC00DCAA35 /* Tracker */,
			);
		};
/* End PBXProject section */

/* Begin PBXResourcesBuildPhase section */
		2340432E2C3ABABC00DCAA35 /* Resources */ = {
			isa = PBXResourcesBuildPhase;
			buildActionMask = 2147483647;
			files = (
				234043402C3ABABF00DCAA35 /* LaunchScreen.storyboard in Resources */,
				2340433D2C3ABABF00DCAA35 /* Assets.xcassets in Resources */,
			);
			runOnlyForDeploymentPostprocessing = 0;
		};
/* End PBXResourcesBuildPhase section */

/* Begin PBXSourcesBuildPhase section */
		2340432C2C3ABABC00DCAA35 /* Sources */ = {
			isa = PBXSourcesBuildPhase;
			buildActionMask = 2147483647;
			files = (
				23EE9B812C3FAC9D00219C3A /* TrackerCategory.swift in Sources */,
				23EE9B892C41B76300219C3A /* ScheduleCreatorViewController.swift in Sources */,
				23EE9B7D2C3FAB7100219C3A /* Tracker Struct.swift in Sources */,
				238AB6D92C5E12EE00765287 /* IrregularEventScreenViewController.swift in Sources */,
				23EE9B872C40630200219C3A /* HabitCreationScreenViewController.swift in Sources */,
				23EBBD0F2C4D36BA00C1617B /* CollectionCellTracker.swift in Sources */,
				23EBBD112C4D36D800C1617B /* SupplementaryView.swift in Sources */,
				23EE9B852C40399B00219C3A /* ChoiceViewController.swift in Sources */,
				2331299A2C3B6AA000823183 /* MainScreen.swift in Sources */,
				23EE9B832C3FB3C400219C3A /* TrackerRecord.swift in Sources */,
				23EE9B902C4467BA00219C3A /* TabBarViewController.swift in Sources */,
				238AB6DB2C5E2ABF00765287 /* Week days.swift in Sources */,
				23EE9B8B2C42BB2C00219C3A /* CustomCellForHabitVC.swift in Sources */,
				2381F8762C63DDD500DA3D52 /* PaddedTextField.swift in Sources */,
				2331299C2C3B7B3A00823183 /* StatisticsViewController.swift in Sources */,
				231F82CC2C690702007ADD5E /* CustomCellForIrregularEvent.swift in Sources */,
				234043342C3ABABC00DCAA35 /* AppDelegate.swift in Sources */,
				239C6A4B2C68D6D10054F0A9 /* CategoryViewController.swift in Sources */,
				234043362C3ABABC00DCAA35 /* SceneDelegate.swift in Sources */,
				23EBBD142C4D370900C1617B /* ExtensionTextField.swift in Sources */,
				238AB6DD2C5E337400765287 /* ScheduleCellTracker.swift in Sources */,
				23EBBD162C4D3B4700C1617B /* Constants.swift in Sources */,
			);
			runOnlyForDeploymentPostprocessing = 0;
		};
/* End PBXSourcesBuildPhase section */

/* Begin PBXVariantGroup section */
		2340433E2C3ABABF00DCAA35 /* LaunchScreen.storyboard */ = {
			isa = PBXVariantGroup;
			children = (
				2340433F2C3ABABF00DCAA35 /* Base */,
			);
			name = LaunchScreen.storyboard;
			sourceTree = "<group>";
		};
/* End PBXVariantGroup section */

/* Begin XCBuildConfiguration section */
		234043422C3ABABF00DCAA35 /* Debug */ = {
			isa = XCBuildConfiguration;
			buildSettings = {
				ALWAYS_SEARCH_USER_PATHS = NO;
				CLANG_ANALYZER_NONNULL = YES;
				CLANG_ANALYZER_NUMBER_OBJECT_CONVERSION = YES_AGGRESSIVE;
				CLANG_CXX_LANGUAGE_STANDARD = "gnu++20";
				CLANG_ENABLE_MODULES = YES;
				CLANG_ENABLE_OBJC_ARC = YES;
				CLANG_ENABLE_OBJC_WEAK = YES;
				CLANG_WARN_BLOCK_CAPTURE_AUTORELEASING = YES;
				CLANG_WARN_BOOL_CONVERSION = YES;
				CLANG_WARN_COMMA = YES;
				CLANG_WARN_CONSTANT_CONVERSION = YES;
				CLANG_WARN_DEPRECATED_OBJC_IMPLEMENTATIONS = YES;
				CLANG_WARN_DIRECT_OBJC_ISA_USAGE = YES_ERROR;
				CLANG_WARN_DOCUMENTATION_COMMENTS = YES;
				CLANG_WARN_EMPTY_BODY = YES;
				CLANG_WARN_ENUM_CONVERSION = YES;
				CLANG_WARN_INFINITE_RECURSION = YES;
				CLANG_WARN_INT_CONVERSION = YES;
				CLANG_WARN_NON_LITERAL_NULL_CONVERSION = YES;
				CLANG_WARN_OBJC_IMPLICIT_RETAIN_SELF = YES;
				CLANG_WARN_OBJC_LITERAL_CONVERSION = YES;
				CLANG_WARN_OBJC_ROOT_CLASS = YES_ERROR;
				CLANG_WARN_QUOTED_INCLUDE_IN_FRAMEWORK_HEADER = YES;
				CLANG_WARN_RANGE_LOOP_ANALYSIS = YES;
				CLANG_WARN_STRICT_PROTOTYPES = YES;
				CLANG_WARN_SUSPICIOUS_MOVE = YES;
				CLANG_WARN_UNGUARDED_AVAILABILITY = YES_AGGRESSIVE;
				CLANG_WARN_UNREACHABLE_CODE = YES;
				CLANG_WARN__DUPLICATE_METHOD_MATCH = YES;
				COPY_PHASE_STRIP = NO;
				DEBUG_INFORMATION_FORMAT = dwarf;
				ENABLE_STRICT_OBJC_MSGSEND = YES;
				ENABLE_TESTABILITY = YES;
				GCC_C_LANGUAGE_STANDARD = gnu11;
				GCC_DYNAMIC_NO_PIC = NO;
				GCC_NO_COMMON_BLOCKS = YES;
				GCC_OPTIMIZATION_LEVEL = 0;
				GCC_PREPROCESSOR_DEFINITIONS = (
					"DEBUG=1",
					"$(inherited)",
				);
				GCC_WARN_64_TO_32_BIT_CONVERSION = YES;
				GCC_WARN_ABOUT_RETURN_TYPE = YES_ERROR;
				GCC_WARN_UNDECLARED_SELECTOR = YES;
				GCC_WARN_UNINITIALIZED_AUTOS = YES_AGGRESSIVE;
				GCC_WARN_UNUSED_FUNCTION = YES;
				GCC_WARN_UNUSED_VARIABLE = YES;
				IPHONEOS_DEPLOYMENT_TARGET = 16.4;
				MTL_ENABLE_DEBUG_INFO = INCLUDE_SOURCE;
				MTL_FAST_MATH = YES;
				ONLY_ACTIVE_ARCH = YES;
				SDKROOT = iphoneos;
				SWIFT_ACTIVE_COMPILATION_CONDITIONS = DEBUG;
				SWIFT_OPTIMIZATION_LEVEL = "-Onone";
			};
			name = Debug;
		};
		234043432C3ABABF00DCAA35 /* Release */ = {
			isa = XCBuildConfiguration;
			buildSettings = {
				ALWAYS_SEARCH_USER_PATHS = NO;
				CLANG_ANALYZER_NONNULL = YES;
				CLANG_ANALYZER_NUMBER_OBJECT_CONVERSION = YES_AGGRESSIVE;
				CLANG_CXX_LANGUAGE_STANDARD = "gnu++20";
				CLANG_ENABLE_MODULES = YES;
				CLANG_ENABLE_OBJC_ARC = YES;
				CLANG_ENABLE_OBJC_WEAK = YES;
				CLANG_WARN_BLOCK_CAPTURE_AUTORELEASING = YES;
				CLANG_WARN_BOOL_CONVERSION = YES;
				CLANG_WARN_COMMA = YES;
				CLANG_WARN_CONSTANT_CONVERSION = YES;
				CLANG_WARN_DEPRECATED_OBJC_IMPLEMENTATIONS = YES;
				CLANG_WARN_DIRECT_OBJC_ISA_USAGE = YES_ERROR;
				CLANG_WARN_DOCUMENTATION_COMMENTS = YES;
				CLANG_WARN_EMPTY_BODY = YES;
				CLANG_WARN_ENUM_CONVERSION = YES;
				CLANG_WARN_INFINITE_RECURSION = YES;
				CLANG_WARN_INT_CONVERSION = YES;
				CLANG_WARN_NON_LITERAL_NULL_CONVERSION = YES;
				CLANG_WARN_OBJC_IMPLICIT_RETAIN_SELF = YES;
				CLANG_WARN_OBJC_LITERAL_CONVERSION = YES;
				CLANG_WARN_OBJC_ROOT_CLASS = YES_ERROR;
				CLANG_WARN_QUOTED_INCLUDE_IN_FRAMEWORK_HEADER = YES;
				CLANG_WARN_RANGE_LOOP_ANALYSIS = YES;
				CLANG_WARN_STRICT_PROTOTYPES = YES;
				CLANG_WARN_SUSPICIOUS_MOVE = YES;
				CLANG_WARN_UNGUARDED_AVAILABILITY = YES_AGGRESSIVE;
				CLANG_WARN_UNREACHABLE_CODE = YES;
				CLANG_WARN__DUPLICATE_METHOD_MATCH = YES;
				COPY_PHASE_STRIP = NO;
				DEBUG_INFORMATION_FORMAT = "dwarf-with-dsym";
				ENABLE_NS_ASSERTIONS = NO;
				ENABLE_STRICT_OBJC_MSGSEND = YES;
				GCC_C_LANGUAGE_STANDARD = gnu11;
				GCC_NO_COMMON_BLOCKS = YES;
				GCC_WARN_64_TO_32_BIT_CONVERSION = YES;
				GCC_WARN_ABOUT_RETURN_TYPE = YES_ERROR;
				GCC_WARN_UNDECLARED_SELECTOR = YES;
				GCC_WARN_UNINITIALIZED_AUTOS = YES_AGGRESSIVE;
				GCC_WARN_UNUSED_FUNCTION = YES;
				GCC_WARN_UNUSED_VARIABLE = YES;
				IPHONEOS_DEPLOYMENT_TARGET = 16.4;
				MTL_ENABLE_DEBUG_INFO = NO;
				MTL_FAST_MATH = YES;
				SDKROOT = iphoneos;
				SWIFT_COMPILATION_MODE = wholemodule;
				SWIFT_OPTIMIZATION_LEVEL = "-O";
				VALIDATE_PRODUCT = YES;
			};
			name = Release;
		};
		234043452C3ABABF00DCAA35 /* Debug */ = {
			isa = XCBuildConfiguration;
			buildSettings = {
				ASSETCATALOG_COMPILER_APPICON_NAME = AppIcon;
				ASSETCATALOG_COMPILER_GLOBAL_ACCENT_COLOR_NAME = AccentColor;
				CODE_SIGN_STYLE = Automatic;
				CURRENT_PROJECT_VERSION = 1;
				DEVELOPMENT_TEAM = 47QDN34MSB;
				GENERATE_INFOPLIST_FILE = YES;
				INFOPLIST_FILE = Tracker/Info.plist;
				INFOPLIST_KEY_UIApplicationSupportsIndirectInputEvents = YES;
				INFOPLIST_KEY_UILaunchStoryboardName = LaunchScreen.storyboard;
				INFOPLIST_KEY_UISupportedInterfaceOrientations = UIInterfaceOrientationPortrait;
				INFOPLIST_KEY_UISupportedInterfaceOrientations_iPad = "UIInterfaceOrientationLandscapeLeft UIInterfaceOrientationLandscapeRight UIInterfaceOrientationPortrait UIInterfaceOrientationPortraitUpsideDown";
				IPHONEOS_DEPLOYMENT_TARGET = 13.4;
				LD_RUNPATH_SEARCH_PATHS = (
					"$(inherited)",
					"@executable_path/Frameworks",
				);
				MARKETING_VERSION = 1.0;
				PRODUCT_BUNDLE_IDENTIFIER = ru.kosAleks.Tracker;
				PRODUCT_NAME = "$(TARGET_NAME)";
				SUPPORTED_PLATFORMS = "iphoneos iphonesimulator";
				SUPPORTS_MACCATALYST = NO;
				SUPPORTS_MAC_DESIGNED_FOR_IPHONE_IPAD = NO;
				SWIFT_EMIT_LOC_STRINGS = YES;
				SWIFT_VERSION = 5.0;
				TARGETED_DEVICE_FAMILY = 1;
			};
			name = Debug;
		};
		234043462C3ABABF00DCAA35 /* Release */ = {
			isa = XCBuildConfiguration;
			buildSettings = {
				ASSETCATALOG_COMPILER_APPICON_NAME = AppIcon;
				ASSETCATALOG_COMPILER_GLOBAL_ACCENT_COLOR_NAME = AccentColor;
				CODE_SIGN_STYLE = Automatic;
				CURRENT_PROJECT_VERSION = 1;
				DEVELOPMENT_TEAM = 47QDN34MSB;
				GENERATE_INFOPLIST_FILE = YES;
				INFOPLIST_FILE = Tracker/Info.plist;
				INFOPLIST_KEY_UIApplicationSupportsIndirectInputEvents = YES;
				INFOPLIST_KEY_UILaunchStoryboardName = LaunchScreen.storyboard;
				INFOPLIST_KEY_UISupportedInterfaceOrientations = UIInterfaceOrientationPortrait;
				INFOPLIST_KEY_UISupportedInterfaceOrientations_iPad = "UIInterfaceOrientationLandscapeLeft UIInterfaceOrientationLandscapeRight UIInterfaceOrientationPortrait UIInterfaceOrientationPortraitUpsideDown";
				IPHONEOS_DEPLOYMENT_TARGET = 13.4;
				LD_RUNPATH_SEARCH_PATHS = (
					"$(inherited)",
					"@executable_path/Frameworks",
				);
				MARKETING_VERSION = 1.0;
				PRODUCT_BUNDLE_IDENTIFIER = ru.kosAleks.Tracker;
				PRODUCT_NAME = "$(TARGET_NAME)";
				SUPPORTED_PLATFORMS = "iphoneos iphonesimulator";
				SUPPORTS_MACCATALYST = NO;
				SUPPORTS_MAC_DESIGNED_FOR_IPHONE_IPAD = NO;
				SWIFT_EMIT_LOC_STRINGS = YES;
				SWIFT_VERSION = 5.0;
				TARGETED_DEVICE_FAMILY = 1;
			};
			name = Release;
		};
/* End XCBuildConfiguration section */

/* Begin XCConfigurationList section */
		2340432B2C3ABABC00DCAA35 /* Build configuration list for PBXProject "Tracker" */ = {
			isa = XCConfigurationList;
			buildConfigurations = (
				234043422C3ABABF00DCAA35 /* Debug */,
				234043432C3ABABF00DCAA35 /* Release */,
			);
			defaultConfigurationIsVisible = 0;
			defaultConfigurationName = Release;
		};
		234043442C3ABABF00DCAA35 /* Build configuration list for PBXNativeTarget "Tracker" */ = {
			isa = XCConfigurationList;
			buildConfigurations = (
				234043452C3ABABF00DCAA35 /* Debug */,
				234043462C3ABABF00DCAA35 /* Release */,
			);
			defaultConfigurationIsVisible = 0;
			defaultConfigurationName = Release;
		};
/* End XCConfigurationList section */
	};
	rootObject = 234043282C3ABABC00DCAA35 /* Project object */;
}
