// !$*UTF8*$!
{
	archiveVersion = 1;
	classes = {
	};
	objectVersion = 56;
	objects = {

/* Begin PBXBuildFile section */
		231F82CC2C690702007ADD5E /* CustomCellForIrregularEvent.swift in Sources */ = {isa = PBXBuildFile; fileRef = 231F82CB2C690702007ADD5E /* CustomCellForIrregularEvent.swift */; };
		2325FA9F2C80A44C0010FE41 /* SnapshotTesting in Frameworks */ = {isa = PBXBuildFile; productRef = 2325FA9E2C80A44C0010FE41 /* SnapshotTesting */; };
		2325FAA12C80A9C90010FE41 /* Colors.swift in Sources */ = {isa = PBXBuildFile; fileRef = 2325FAA02C80A9C80010FE41 /* Colors.swift */; };
		2325FAA32C80A9EC0010FE41 /* UIColor.swift in Sources */ = {isa = PBXBuildFile; fileRef = 2325FAA22C80A9EC0010FE41 /* UIColor.swift */; };
		2331299A2C3B6AA000823183 /* MainScreen.swift in Sources */ = {isa = PBXBuildFile; fileRef = 233129992C3B6AA000823183 /* MainScreen.swift */; };
		2331299C2C3B7B3A00823183 /* StatisticsViewController.swift in Sources */ = {isa = PBXBuildFile; fileRef = 2331299B2C3B7B3A00823183 /* StatisticsViewController.swift */; };
		234043342C3ABABC00DCAA35 /* AppDelegate.swift in Sources */ = {isa = PBXBuildFile; fileRef = 234043332C3ABABC00DCAA35 /* AppDelegate.swift */; };
		234043362C3ABABC00DCAA35 /* SceneDelegate.swift in Sources */ = {isa = PBXBuildFile; fileRef = 234043352C3ABABC00DCAA35 /* SceneDelegate.swift */; };
		2340433D2C3ABABF00DCAA35 /* Assets.xcassets in Resources */ = {isa = PBXBuildFile; fileRef = 2340433C2C3ABABF00DCAA35 /* Assets.xcassets */; };
		234043402C3ABABF00DCAA35 /* LaunchScreen.storyboard in Resources */ = {isa = PBXBuildFile; fileRef = 2340433E2C3ABABF00DCAA35 /* LaunchScreen.storyboard */; };
		2342AEB72C7A763900280F55 /* CategoryViewController.swift in Sources */ = {isa = PBXBuildFile; fileRef = 2342AEB62C7A763900280F55 /* CategoryViewController.swift */; };
		2342AEB92C7A86BF00280F55 /* CategoryTableViewCell.swift in Sources */ = {isa = PBXBuildFile; fileRef = 2342AEB82C7A86BF00280F55 /* CategoryTableViewCell.swift */; };
		2342AEBB2C7A870D00280F55 /* NewCategoryViewController.swift in Sources */ = {isa = PBXBuildFile; fileRef = 2342AEBA2C7A870D00280F55 /* NewCategoryViewController.swift */; };
		2342AEBD2C7A873400280F55 /* CategoryViewModel.swift in Sources */ = {isa = PBXBuildFile; fileRef = 2342AEBC2C7A873400280F55 /* CategoryViewModel.swift */; };
		2342AEBF2C7A875400280F55 /* Binding.swift in Sources */ = {isa = PBXBuildFile; fileRef = 2342AEBE2C7A875400280F55 /* Binding.swift */; };
		2342AEC12C7B87F800280F55 /* TrackerType.swift in Sources */ = {isa = PBXBuildFile; fileRef = 2342AEC02C7B87F800280F55 /* TrackerType.swift */; };
		234A1E1B2C7D2904002B8A4D /* Localizable Eng.strings in Resources */ = {isa = PBXBuildFile; fileRef = 234A1E1A2C7D2904002B8A4D /* Localizable Eng.strings */; };
		234A1E1D2C7D2924002B8A4D /* Localizable Rus.strings in Resources */ = {isa = PBXBuildFile; fileRef = 234A1E1C2C7D2924002B8A4D /* Localizable Rus.strings */; };
		2372D4612C74F447001EB9DC /* Tracker.xcdatamodeld in Sources */ = {isa = PBXBuildFile; fileRef = 2372D45F2C74F447001EB9DC /* Tracker.xcdatamodeld */; };
		2381F8762C63DDD500DA3D52 /* PaddedTextField.swift in Sources */ = {isa = PBXBuildFile; fileRef = 2381F8752C63DDD500DA3D52 /* PaddedTextField.swift */; };
		238250312C77E7B9003A44AA /* OnboardingViewController.swift in Sources */ = {isa = PBXBuildFile; fileRef = 238250302C77E7B9003A44AA /* OnboardingViewController.swift */; };
		238AB6D92C5E12EE00765287 /* IrregularEventScreenViewController.swift in Sources */ = {isa = PBXBuildFile; fileRef = 238AB6D82C5E12EE00765287 /* IrregularEventScreenViewController.swift */; };
		238AB6DB2C5E2ABF00765287 /* Week days.swift in Sources */ = {isa = PBXBuildFile; fileRef = 238AB6DA2C5E2ABF00765287 /* Week days.swift */; };
		238AB6DD2C5E337400765287 /* ScheduleCellTracker.swift in Sources */ = {isa = PBXBuildFile; fileRef = 238AB6DC2C5E337400765287 /* ScheduleCellTracker.swift */; };
		23A04D242C6BC96300B84CF1 /* BaseVCClass.swift in Sources */ = {isa = PBXBuildFile; fileRef = 23A04D232C6BC96300B84CF1 /* BaseVCClass.swift */; };
		23B0A1E42C7E8A4E0089B63A /* CustomStatistic.swift in Sources */ = {isa = PBXBuildFile; fileRef = 23B0A1E32C7E8A4E0089B63A /* CustomStatistic.swift */; };
		23B0A1E62C7E8D9D0089B63A /* TrackersFilter.swift in Sources */ = {isa = PBXBuildFile; fileRef = 23B0A1E52C7E8D9D0089B63A /* TrackersFilter.swift */; };
		23B0A1E92C7E8E230089B63A /* FilterViewController.swift in Sources */ = {isa = PBXBuildFile; fileRef = 23B0A1E82C7E8E230089B63A /* FilterViewController.swift */; };
		23B3E8572C78FCD600ED09E1 /* PageViewControllers.swift in Sources */ = {isa = PBXBuildFile; fileRef = 23B3E8562C78FCD600ED09E1 /* PageViewControllers.swift */; };
		23E09EC42C7F6FCA0080BACB /* AnalyticsService.swift in Sources */ = {isa = PBXBuildFile; fileRef = 23E09EC32C7F6FCA0080BACB /* AnalyticsService.swift */; };
		23E09EE42C7FC1E20080BACB /* TrackerTests.swift in Sources */ = {isa = PBXBuildFile; fileRef = 23E09EE32C7FC1E20080BACB /* TrackerTests.swift */; };
		23E45C582C750656001D4F87 /* TrackerStore.swift in Sources */ = {isa = PBXBuildFile; fileRef = 23E45C572C750656001D4F87 /* TrackerStore.swift */; };
		23E45C5A2C750673001D4F87 /* TrackerCategoryStore.swift in Sources */ = {isa = PBXBuildFile; fileRef = 23E45C592C750673001D4F87 /* TrackerCategoryStore.swift */; };
		23E45C5C2C75068D001D4F87 /* TrackerRecordStore.swift in Sources */ = {isa = PBXBuildFile; fileRef = 23E45C5B2C75068D001D4F87 /* TrackerRecordStore.swift */; };
		23E45C5E2C750B31001D4F87 /* UIColorMarshalling.swift in Sources */ = {isa = PBXBuildFile; fileRef = 23E45C5D2C750B31001D4F87 /* UIColorMarshalling.swift */; };
		23EBBD0F2C4D36BA00C1617B /* CollectionCellTracker.swift in Sources */ = {isa = PBXBuildFile; fileRef = 23EBBD0E2C4D36BA00C1617B /* CollectionCellTracker.swift */; };
		23EBBD112C4D36D800C1617B /* SupplementaryView.swift in Sources */ = {isa = PBXBuildFile; fileRef = 23EBBD102C4D36D800C1617B /* SupplementaryView.swift */; };
		23EBBD142C4D370900C1617B /* ExtensionTextField.swift in Sources */ = {isa = PBXBuildFile; fileRef = 23EBBD132C4D370900C1617B /* ExtensionTextField.swift */; };
		23EBBD162C4D3B4700C1617B /* Constants.swift in Sources */ = {isa = PBXBuildFile; fileRef = 23EBBD152C4D3B4700C1617B /* Constants.swift */; };
		23EDE0DE2C6E72DD00E7F6A3 /* NewTrackerCollectionViewCell.swift in Sources */ = {isa = PBXBuildFile; fileRef = 23EDE0DD2C6E72DC00E7F6A3 /* NewTrackerCollectionViewCell.swift */; };
		23EDE0E02C6E737100E7F6A3 /* NewTrackerSupplementaryView.swift in Sources */ = {isa = PBXBuildFile; fileRef = 23EDE0DF2C6E737100E7F6A3 /* NewTrackerSupplementaryView.swift */; };
		23EE9B7D2C3FAB7100219C3A /* Tracker Struct.swift in Sources */ = {isa = PBXBuildFile; fileRef = 23EE9B7C2C3FAB7100219C3A /* Tracker Struct.swift */; };
		23EE9B812C3FAC9D00219C3A /* TrackerCategory.swift in Sources */ = {isa = PBXBuildFile; fileRef = 23EE9B802C3FAC9D00219C3A /* TrackerCategory.swift */; };
		23EE9B832C3FB3C400219C3A /* TrackerRecord.swift in Sources */ = {isa = PBXBuildFile; fileRef = 23EE9B822C3FB3C400219C3A /* TrackerRecord.swift */; };
		23EE9B852C40399B00219C3A /* ChoiceViewController.swift in Sources */ = {isa = PBXBuildFile; fileRef = 23EE9B842C40399B00219C3A /* ChoiceViewController.swift */; };
		23EE9B872C40630200219C3A /* HabitCreationScreenViewController.swift in Sources */ = {isa = PBXBuildFile; fileRef = 23EE9B862C40630200219C3A /* HabitCreationScreenViewController.swift */; };
		23EE9B892C41B76300219C3A /* ScheduleCreatorViewController.swift in Sources */ = {isa = PBXBuildFile; fileRef = 23EE9B882C41B76300219C3A /* ScheduleCreatorViewController.swift */; };
		23EE9B8B2C42BB2C00219C3A /* CustomCellForHabitVC.swift in Sources */ = {isa = PBXBuildFile; fileRef = 23EE9B8A2C42BB2C00219C3A /* CustomCellForHabitVC.swift */; };
		23EE9B902C4467BA00219C3A /* TabBarViewController.swift in Sources */ = {isa = PBXBuildFile; fileRef = 23EE9B8F2C4467BA00219C3A /* TabBarViewController.swift */; };
		23F872D62C6D2904003D4138 /* HideKeyBoard.swift in Sources */ = {isa = PBXBuildFile; fileRef = 23F872D52C6D2904003D4138 /* HideKeyBoard.swift */; };
		EE4CBDB34C402206C0D110D5 /* Pods_Tracker.framework in Frameworks */ = {isa = PBXBuildFile; fileRef = EEE712EF699FF2FD066097A6 /* Pods_Tracker.framework */; settings = {ATTRIBUTES = (Required, ); }; };
/* End PBXBuildFile section */

/* Begin PBXContainerItemProxy section */
		23E09EE52C7FC1E20080BACB /* PBXContainerItemProxy */ = {
			isa = PBXContainerItemProxy;
			containerPortal = 234043282C3ABABC00DCAA35 /* Project object */;
			proxyType = 1;
			remoteGlobalIDString = 2340432F2C3ABABC00DCAA35;
			remoteInfo = Tracker;
		};
/* End PBXContainerItemProxy section */

/* Begin PBXFileReference section */
		231F82CB2C690702007ADD5E /* CustomCellForIrregularEvent.swift */ = {isa = PBXFileReference; lastKnownFileType = sourcecode.swift; path = CustomCellForIrregularEvent.swift; sourceTree = "<group>"; };
		2325FAA02C80A9C80010FE41 /* Colors.swift */ = {isa = PBXFileReference; lastKnownFileType = sourcecode.swift; path = Colors.swift; sourceTree = "<group>"; };
		2325FAA22C80A9EC0010FE41 /* UIColor.swift */ = {isa = PBXFileReference; lastKnownFileType = sourcecode.swift; path = UIColor.swift; sourceTree = "<group>"; };
		233129992C3B6AA000823183 /* MainScreen.swift */ = {isa = PBXFileReference; lastKnownFileType = sourcecode.swift; path = MainScreen.swift; sourceTree = "<group>"; };
		2331299B2C3B7B3A00823183 /* StatisticsViewController.swift */ = {isa = PBXFileReference; lastKnownFileType = sourcecode.swift; path = StatisticsViewController.swift; sourceTree = "<group>"; };
		234043302C3ABABC00DCAA35 /* Tracker.app */ = {isa = PBXFileReference; explicitFileType = wrapper.application; includeInIndex = 0; path = Tracker.app; sourceTree = BUILT_PRODUCTS_DIR; };
		234043332C3ABABC00DCAA35 /* AppDelegate.swift */ = {isa = PBXFileReference; lastKnownFileType = sourcecode.swift; path = AppDelegate.swift; sourceTree = "<group>"; };
		234043352C3ABABC00DCAA35 /* SceneDelegate.swift */ = {isa = PBXFileReference; lastKnownFileType = sourcecode.swift; path = SceneDelegate.swift; sourceTree = "<group>"; };
		2340433C2C3ABABF00DCAA35 /* Assets.xcassets */ = {isa = PBXFileReference; lastKnownFileType = folder.assetcatalog; path = Assets.xcassets; sourceTree = "<group>"; };
		2340433F2C3ABABF00DCAA35 /* Base */ = {isa = PBXFileReference; lastKnownFileType = file.storyboard; name = Base; path = Base.lproj/LaunchScreen.storyboard; sourceTree = "<group>"; };
		234043412C3ABABF00DCAA35 /* Info.plist */ = {isa = PBXFileReference; lastKnownFileType = text.plist.xml; path = Info.plist; sourceTree = "<group>"; };
		2342AEB62C7A763900280F55 /* CategoryViewController.swift */ = {isa = PBXFileReference; lastKnownFileType = sourcecode.swift; path = CategoryViewController.swift; sourceTree = "<group>"; };
		2342AEB82C7A86BF00280F55 /* CategoryTableViewCell.swift */ = {isa = PBXFileReference; lastKnownFileType = sourcecode.swift; path = CategoryTableViewCell.swift; sourceTree = "<group>"; };
		2342AEBA2C7A870D00280F55 /* NewCategoryViewController.swift */ = {isa = PBXFileReference; lastKnownFileType = sourcecode.swift; path = NewCategoryViewController.swift; sourceTree = "<group>"; };
		2342AEBC2C7A873400280F55 /* CategoryViewModel.swift */ = {isa = PBXFileReference; lastKnownFileType = sourcecode.swift; path = CategoryViewModel.swift; sourceTree = "<group>"; };
		2342AEBE2C7A875400280F55 /* Binding.swift */ = {isa = PBXFileReference; lastKnownFileType = sourcecode.swift; path = Binding.swift; sourceTree = "<group>"; };
		2342AEC02C7B87F800280F55 /* TrackerType.swift */ = {isa = PBXFileReference; lastKnownFileType = sourcecode.swift; path = TrackerType.swift; sourceTree = "<group>"; };
		234A1E1A2C7D2904002B8A4D /* Localizable Eng.strings */ = {isa = PBXFileReference; lastKnownFileType = text.plist.strings; path = "Localizable Eng.strings"; sourceTree = "<group>"; };
		234A1E1C2C7D2924002B8A4D /* Localizable Rus.strings */ = {isa = PBXFileReference; lastKnownFileType = text.plist.strings; path = "Localizable Rus.strings"; sourceTree = "<group>"; };
		234A1E1E2C7D2A18002B8A4D /* ru */ = {isa = PBXFileReference; lastKnownFileType = text.plist.strings; name = ru; path = ru.lproj/LaunchScreen.strings; sourceTree = "<group>"; };
		2372D4602C74F447001EB9DC /* Tracker.xcdatamodel */ = {isa = PBXFileReference; lastKnownFileType = wrapper.xcdatamodel; path = Tracker.xcdatamodel; sourceTree = "<group>"; };
		2381F8752C63DDD500DA3D52 /* PaddedTextField.swift */ = {isa = PBXFileReference; lastKnownFileType = sourcecode.swift; path = PaddedTextField.swift; sourceTree = "<group>"; };
		238250302C77E7B9003A44AA /* OnboardingViewController.swift */ = {isa = PBXFileReference; lastKnownFileType = sourcecode.swift; path = OnboardingViewController.swift; sourceTree = "<group>"; };
		238AB6D82C5E12EE00765287 /* IrregularEventScreenViewController.swift */ = {isa = PBXFileReference; lastKnownFileType = sourcecode.swift; path = IrregularEventScreenViewController.swift; sourceTree = "<group>"; };
		238AB6DA2C5E2ABF00765287 /* Week days.swift */ = {isa = PBXFileReference; lastKnownFileType = sourcecode.swift; path = "Week days.swift"; sourceTree = "<group>"; };
		238AB6DC2C5E337400765287 /* ScheduleCellTracker.swift */ = {isa = PBXFileReference; lastKnownFileType = sourcecode.swift; path = ScheduleCellTracker.swift; sourceTree = "<group>"; };
		23A04D232C6BC96300B84CF1 /* BaseVCClass.swift */ = {isa = PBXFileReference; lastKnownFileType = sourcecode.swift; path = BaseVCClass.swift; sourceTree = "<group>"; };
		23B0A1E32C7E8A4E0089B63A /* CustomStatistic.swift */ = {isa = PBXFileReference; lastKnownFileType = sourcecode.swift; path = CustomStatistic.swift; sourceTree = "<group>"; };
		23B0A1E52C7E8D9D0089B63A /* TrackersFilter.swift */ = {isa = PBXFileReference; lastKnownFileType = sourcecode.swift; path = TrackersFilter.swift; sourceTree = "<group>"; };
		23B0A1E82C7E8E230089B63A /* FilterViewController.swift */ = {isa = PBXFileReference; lastKnownFileType = sourcecode.swift; path = FilterViewController.swift; sourceTree = "<group>"; };
		23B3E8562C78FCD600ED09E1 /* PageViewControllers.swift */ = {isa = PBXFileReference; lastKnownFileType = sourcecode.swift; path = PageViewControllers.swift; sourceTree = "<group>"; };
		23E09EC32C7F6FCA0080BACB /* AnalyticsService.swift */ = {isa = PBXFileReference; lastKnownFileType = sourcecode.swift; path = AnalyticsService.swift; sourceTree = "<group>"; };
		23E09EE12C7FC1E20080BACB /* TrackerTests.xctest */ = {isa = PBXFileReference; explicitFileType = wrapper.cfbundle; includeInIndex = 0; path = TrackerTests.xctest; sourceTree = BUILT_PRODUCTS_DIR; };
		23E09EE32C7FC1E20080BACB /* TrackerTests.swift */ = {isa = PBXFileReference; lastKnownFileType = sourcecode.swift; path = TrackerTests.swift; sourceTree = "<group>"; };
		23E45C572C750656001D4F87 /* TrackerStore.swift */ = {isa = PBXFileReference; lastKnownFileType = sourcecode.swift; path = TrackerStore.swift; sourceTree = "<group>"; };
		23E45C592C750673001D4F87 /* TrackerCategoryStore.swift */ = {isa = PBXFileReference; lastKnownFileType = sourcecode.swift; path = TrackerCategoryStore.swift; sourceTree = "<group>"; };
		23E45C5B2C75068D001D4F87 /* TrackerRecordStore.swift */ = {isa = PBXFileReference; lastKnownFileType = sourcecode.swift; path = TrackerRecordStore.swift; sourceTree = "<group>"; };
		23E45C5D2C750B31001D4F87 /* UIColorMarshalling.swift */ = {isa = PBXFileReference; lastKnownFileType = sourcecode.swift; path = UIColorMarshalling.swift; sourceTree = "<group>"; };
		23EBBD0E2C4D36BA00C1617B /* CollectionCellTracker.swift */ = {isa = PBXFileReference; lastKnownFileType = sourcecode.swift; path = CollectionCellTracker.swift; sourceTree = "<group>"; };
		23EBBD102C4D36D800C1617B /* SupplementaryView.swift */ = {isa = PBXFileReference; lastKnownFileType = sourcecode.swift; path = SupplementaryView.swift; sourceTree = "<group>"; };
		23EBBD132C4D370900C1617B /* ExtensionTextField.swift */ = {isa = PBXFileReference; lastKnownFileType = sourcecode.swift; path = ExtensionTextField.swift; sourceTree = "<group>"; };
		23EBBD152C4D3B4700C1617B /* Constants.swift */ = {isa = PBXFileReference; lastKnownFileType = sourcecode.swift; path = Constants.swift; sourceTree = "<group>"; };
		23EDE0DD2C6E72DC00E7F6A3 /* NewTrackerCollectionViewCell.swift */ = {isa = PBXFileReference; lastKnownFileType = sourcecode.swift; path = NewTrackerCollectionViewCell.swift; sourceTree = "<group>"; };
		23EDE0DF2C6E737100E7F6A3 /* NewTrackerSupplementaryView.swift */ = {isa = PBXFileReference; lastKnownFileType = sourcecode.swift; path = NewTrackerSupplementaryView.swift; sourceTree = "<group>"; };
		23EE9B7C2C3FAB7100219C3A /* Tracker Struct.swift */ = {isa = PBXFileReference; lastKnownFileType = sourcecode.swift; path = "Tracker Struct.swift"; sourceTree = "<group>"; };
		23EE9B802C3FAC9D00219C3A /* TrackerCategory.swift */ = {isa = PBXFileReference; lastKnownFileType = sourcecode.swift; path = TrackerCategory.swift; sourceTree = "<group>"; };
		23EE9B822C3FB3C400219C3A /* TrackerRecord.swift */ = {isa = PBXFileReference; lastKnownFileType = sourcecode.swift; path = TrackerRecord.swift; sourceTree = "<group>"; };
		23EE9B842C40399B00219C3A /* ChoiceViewController.swift */ = {isa = PBXFileReference; lastKnownFileType = sourcecode.swift; path = ChoiceViewController.swift; sourceTree = "<group>"; };
		23EE9B862C40630200219C3A /* HabitCreationScreenViewController.swift */ = {isa = PBXFileReference; lastKnownFileType = sourcecode.swift; path = HabitCreationScreenViewController.swift; sourceTree = "<group>"; };
		23EE9B882C41B76300219C3A /* ScheduleCreatorViewController.swift */ = {isa = PBXFileReference; lastKnownFileType = sourcecode.swift; path = ScheduleCreatorViewController.swift; sourceTree = "<group>"; };
		23EE9B8A2C42BB2C00219C3A /* CustomCellForHabitVC.swift */ = {isa = PBXFileReference; lastKnownFileType = sourcecode.swift; path = CustomCellForHabitVC.swift; sourceTree = "<group>"; };
		23EE9B8F2C4467BA00219C3A /* TabBarViewController.swift */ = {isa = PBXFileReference; lastKnownFileType = sourcecode.swift; path = TabBarViewController.swift; sourceTree = "<group>"; };
		23F872D52C6D2904003D4138 /* HideKeyBoard.swift */ = {isa = PBXFileReference; lastKnownFileType = sourcecode.swift; path = HideKeyBoard.swift; sourceTree = "<group>"; };
		2C2962F216DA383802098F2C /* Pods-Tracker.debug.xcconfig */ = {isa = PBXFileReference; includeInIndex = 1; lastKnownFileType = text.xcconfig; name = "Pods-Tracker.debug.xcconfig"; path = "Target Support Files/Pods-Tracker/Pods-Tracker.debug.xcconfig"; sourceTree = "<group>"; };
		A60165ED21A1FDBA6D625133 /* Pods-Tracker.release.xcconfig */ = {isa = PBXFileReference; includeInIndex = 1; lastKnownFileType = text.xcconfig; name = "Pods-Tracker.release.xcconfig"; path = "Target Support Files/Pods-Tracker/Pods-Tracker.release.xcconfig"; sourceTree = "<group>"; };
		EEE712EF699FF2FD066097A6 /* Pods_Tracker.framework */ = {isa = PBXFileReference; explicitFileType = wrapper.framework; includeInIndex = 0; path = Pods_Tracker.framework; sourceTree = BUILT_PRODUCTS_DIR; };
/* End PBXFileReference section */

/* Begin PBXFrameworksBuildPhase section */
		2340432D2C3ABABC00DCAA35 /* Frameworks */ = {
			isa = PBXFrameworksBuildPhase;
			buildActionMask = 2147483647;
			files = (
				EE4CBDB34C402206C0D110D5 /* Pods_Tracker.framework in Frameworks */,
			);
			runOnlyForDeploymentPostprocessing = 0;
		};
		23E09EDE2C7FC1E20080BACB /* Frameworks */ = {
			isa = PBXFrameworksBuildPhase;
			buildActionMask = 2147483647;
			files = (
				2325FA9F2C80A44C0010FE41 /* SnapshotTesting in Frameworks */,
			);
			runOnlyForDeploymentPostprocessing = 0;
		};
/* End PBXFrameworksBuildPhase section */

/* Begin PBXGroup section */
		231F82CA2C6906AF007ADD5E /* CellForIrregularTableView */ = {
			isa = PBXGroup;
			children = (
				231F82CB2C690702007ADD5E /* CustomCellForIrregularEvent.swift */,
			);
			path = CellForIrregularTableView;
			sourceTree = "<group>";
		};
		234043272C3ABABC00DCAA35 = {
			isa = PBXGroup;
			children = (
				234043322C3ABABC00DCAA35 /* Tracker */,
				23E09EE22C7FC1E20080BACB /* TrackerTests */,
				234043312C3ABABC00DCAA35 /* Products */,
				23E09EDA2C7FC0420080BACB /* Frameworks */,
				3C9D18702AB38E503628FEC1 /* Pods */,
			);
			sourceTree = "<group>";
		};
		234043312C3ABABC00DCAA35 /* Products */ = {
			isa = PBXGroup;
			children = (
				234043302C3ABABC00DCAA35 /* Tracker.app */,
				23E09EE12C7FC1E20080BACB /* TrackerTests.xctest */,
			);
			name = Products;
			sourceTree = "<group>";
		};
		234043322C3ABABC00DCAA35 /* Tracker */ = {
			isa = PBXGroup;
			children = (
				23E09EC22C7F6FAD0080BACB /* AnalyticsService */,
				23B0A1E72C7E8E060089B63A /* FilterScreen */,
				23B0A1E02C7E88E10089B63A /* Statistic screen */,
				2342AEB52C7A75F500280F55 /* Category */,
				2382502F2C77E786003A44AA /* Onboarding */,
				2372D45E2C74F427001EB9DC /* CoreData */,
				23EDE0DB2C6D34B100E7F6A3 /* Cells */,
				23EBBD122C4D36F700C1617B /* Helpers */,
				23EE9B7F2C3FAB9800219C3A /* Controllers */,
				23EE9B7E2C3FAB7400219C3A /* Model's */,
				234043332C3ABABC00DCAA35 /* AppDelegate.swift */,
				234043352C3ABABC00DCAA35 /* SceneDelegate.swift */,
				2340433C2C3ABABF00DCAA35 /* Assets.xcassets */,
				2340433E2C3ABABF00DCAA35 /* LaunchScreen.storyboard */,
				234043412C3ABABF00DCAA35 /* Info.plist */,
			);
			path = Tracker;
			sourceTree = "<group>";
		};
		2342AEB52C7A75F500280F55 /* Category */ = {
			isa = PBXGroup;
			children = (
				2342AEB62C7A763900280F55 /* CategoryViewController.swift */,
				2342AEB82C7A86BF00280F55 /* CategoryTableViewCell.swift */,
				2342AEBA2C7A870D00280F55 /* NewCategoryViewController.swift */,
				2342AEBC2C7A873400280F55 /* CategoryViewModel.swift */,
				2342AEBE2C7A875400280F55 /* Binding.swift */,
			);
			path = Category;
			sourceTree = "<group>";
		};
		2372D45E2C74F427001EB9DC /* CoreData */ = {
			isa = PBXGroup;
			children = (
				2372D45F2C74F447001EB9DC /* Tracker.xcdatamodeld */,
				23E45C572C750656001D4F87 /* TrackerStore.swift */,
				23E45C592C750673001D4F87 /* TrackerCategoryStore.swift */,
				23E45C5B2C75068D001D4F87 /* TrackerRecordStore.swift */,
				23E45C5D2C750B31001D4F87 /* UIColorMarshalling.swift */,
			);
			path = CoreData;
			sourceTree = "<group>";
		};
		2382502F2C77E786003A44AA /* Onboarding */ = {
			isa = PBXGroup;
			children = (
				238250302C77E7B9003A44AA /* OnboardingViewController.swift */,
				23B3E8562C78FCD600ED09E1 /* PageViewControllers.swift */,
			);
			path = Onboarding;
			sourceTree = "<group>";
		};
		238AB6DE2C5E338C00765287 /* CellForSchedule */ = {
			isa = PBXGroup;
			children = (
				238AB6DC2C5E337400765287 /* ScheduleCellTracker.swift */,
			);
			path = CellForSchedule;
			sourceTree = "<group>";
		};
		23B0A1E02C7E88E10089B63A /* Statistic screen */ = {
			isa = PBXGroup;
			children = (
				2331299B2C3B7B3A00823183 /* StatisticsViewController.swift */,
				23B0A1E32C7E8A4E0089B63A /* CustomStatistic.swift */,
			);
			path = "Statistic screen";
			sourceTree = "<group>";
		};
		23B0A1E72C7E8E060089B63A /* FilterScreen */ = {
			isa = PBXGroup;
			children = (
				23B0A1E82C7E8E230089B63A /* FilterViewController.swift */,
			);
			path = FilterScreen;
			sourceTree = "<group>";
		};
		23E09EC22C7F6FAD0080BACB /* AnalyticsService */ = {
			isa = PBXGroup;
			children = (
				23E09EC32C7F6FCA0080BACB /* AnalyticsService.swift */,
			);
			path = AnalyticsService;
			sourceTree = "<group>";
		};
		23E09EDA2C7FC0420080BACB /* Frameworks */ = {
			isa = PBXGroup;
			children = (
				EEE712EF699FF2FD066097A6 /* Pods_Tracker.framework */,
			);
			name = Frameworks;
			sourceTree = "<group>";
		};
		23E09EE22C7FC1E20080BACB /* TrackerTests */ = {
			isa = PBXGroup;
			children = (
				23E09EE32C7FC1E20080BACB /* TrackerTests.swift */,
			);
			path = TrackerTests;
			sourceTree = "<group>";
		};
		23EBBD0D2C4D369D00C1617B /* CellForMainScreenCollection */ = {
			isa = PBXGroup;
			children = (
				23EBBD0E2C4D36BA00C1617B /* CollectionCellTracker.swift */,
				23EBBD102C4D36D800C1617B /* SupplementaryView.swift */,
			);
			path = CellForMainScreenCollection;
			sourceTree = "<group>";
		};
		23EBBD122C4D36F700C1617B /* Helpers */ = {
			isa = PBXGroup;
			children = (
				23EBBD132C4D370900C1617B /* ExtensionTextField.swift */,
				23EBBD152C4D3B4700C1617B /* Constants.swift */,
				2381F8752C63DDD500DA3D52 /* PaddedTextField.swift */,
				23F872D52C6D2904003D4138 /* HideKeyBoard.swift */,
				234A1E1A2C7D2904002B8A4D /* Localizable Eng.strings */,
				234A1E1C2C7D2924002B8A4D /* Localizable Rus.strings */,
				2325FAA02C80A9C80010FE41 /* Colors.swift */,
				2325FAA22C80A9EC0010FE41 /* UIColor.swift */,
			);
			path = Helpers;
			sourceTree = "<group>";
		};
		23EDE0DB2C6D34B100E7F6A3 /* Cells */ = {
			isa = PBXGroup;
			children = (
				23EDE0DC2C6E729F00E7F6A3 /* CellForNewTrackerCollectionView */,
				23EE9B8C2C42C0CE00219C3A /* CellsForTableViews */,
				23EBBD0D2C4D369D00C1617B /* CellForMainScreenCollection */,
				238AB6DE2C5E338C00765287 /* CellForSchedule */,
				231F82CA2C6906AF007ADD5E /* CellForIrregularTableView */,
			);
			path = Cells;
			sourceTree = "<group>";
		};
		23EDE0DC2C6E729F00E7F6A3 /* CellForNewTrackerCollectionView */ = {
			isa = PBXGroup;
			children = (
				23EDE0DD2C6E72DC00E7F6A3 /* NewTrackerCollectionViewCell.swift */,
				23EDE0DF2C6E737100E7F6A3 /* NewTrackerSupplementaryView.swift */,
			);
			path = CellForNewTrackerCollectionView;
			sourceTree = "<group>";
		};
		23EE9B7E2C3FAB7400219C3A /* Model's */ = {
			isa = PBXGroup;
			children = (
				23EE9B7C2C3FAB7100219C3A /* Tracker Struct.swift */,
				23EE9B802C3FAC9D00219C3A /* TrackerCategory.swift */,
				23EE9B822C3FB3C400219C3A /* TrackerRecord.swift */,
				238AB6DA2C5E2ABF00765287 /* Week days.swift */,
				2342AEC02C7B87F800280F55 /* TrackerType.swift */,
				23B0A1E52C7E8D9D0089B63A /* TrackersFilter.swift */,
			);
			path = "Model's";
			sourceTree = "<group>";
		};
		23EE9B7F2C3FAB9800219C3A /* Controllers */ = {
			isa = PBXGroup;
			children = (
				23A04D232C6BC96300B84CF1 /* BaseVCClass.swift */,
				233129992C3B6AA000823183 /* MainScreen.swift */,
				23EE9B842C40399B00219C3A /* ChoiceViewController.swift */,
				23EE9B862C40630200219C3A /* HabitCreationScreenViewController.swift */,
				23EE9B882C41B76300219C3A /* ScheduleCreatorViewController.swift */,
				23EE9B8F2C4467BA00219C3A /* TabBarViewController.swift */,
				238AB6D82C5E12EE00765287 /* IrregularEventScreenViewController.swift */,
			);
			path = Controllers;
			sourceTree = "<group>";
		};
		23EE9B8C2C42C0CE00219C3A /* CellsForTableViews */ = {
			isa = PBXGroup;
			children = (
				23EE9B8A2C42BB2C00219C3A /* CustomCellForHabitVC.swift */,
			);
			path = CellsForTableViews;
			sourceTree = "<group>";
		};
		3C9D18702AB38E503628FEC1 /* Pods */ = {
			isa = PBXGroup;
			children = (
				2C2962F216DA383802098F2C /* Pods-Tracker.debug.xcconfig */,
				A60165ED21A1FDBA6D625133 /* Pods-Tracker.release.xcconfig */,
			);
			path = Pods;
			sourceTree = "<group>";
		};
/* End PBXGroup section */

/* Begin PBXNativeTarget section */
		2340432F2C3ABABC00DCAA35 /* Tracker */ = {
			isa = PBXNativeTarget;
			buildConfigurationList = 234043442C3ABABF00DCAA35 /* Build configuration list for PBXNativeTarget "Tracker" */;
			buildPhases = (
				764A34DD06D5A25AD94D3566 /* [CP] Check Pods Manifest.lock */,
				2340432C2C3ABABC00DCAA35 /* Sources */,
				2340432D2C3ABABC00DCAA35 /* Frameworks */,
				2340432E2C3ABABC00DCAA35 /* Resources */,
			);
			buildRules = (
			);
			dependencies = (
			);
			name = Tracker;
			packageProductDependencies = (
			);
			productName = Tracker;
			productReference = 234043302C3ABABC00DCAA35 /* Tracker.app */;
			productType = "com.apple.product-type.application";
		};
		23E09EE02C7FC1E20080BACB /* TrackerTests */ = {
			isa = PBXNativeTarget;
			buildConfigurationList = 23E09EE72C7FC1E20080BACB /* Build configuration list for PBXNativeTarget "TrackerTests" */;
			buildPhases = (
				23E09EDD2C7FC1E20080BACB /* Sources */,
				23E09EDE2C7FC1E20080BACB /* Frameworks */,
				23E09EDF2C7FC1E20080BACB /* Resources */,
			);
			buildRules = (
			);
			dependencies = (
				23E09EE62C7FC1E20080BACB /* PBXTargetDependency */,
			);
			name = TrackerTests;
			packageProductDependencies = (
				2325FA9E2C80A44C0010FE41 /* SnapshotTesting */,
			);
			productName = TrackerTests;
			productReference = 23E09EE12C7FC1E20080BACB /* TrackerTests.xctest */;
			productType = "com.apple.product-type.bundle.unit-test";
		};
/* End PBXNativeTarget section */

/* Begin PBXProject section */
		234043282C3ABABC00DCAA35 /* Project object */ = {
			isa = PBXProject;
			attributes = {
				BuildIndependentTargetsInParallel = 1;
				LastSwiftUpdateCheck = 1430;
				LastUpgradeCheck = 1430;
				TargetAttributes = {
					2340432F2C3ABABC00DCAA35 = {
						CreatedOnToolsVersion = 14.3.1;
					};
					23E09EE02C7FC1E20080BACB = {
						CreatedOnToolsVersion = 14.3.1;
						TestTargetID = 2340432F2C3ABABC00DCAA35;
					};
				};
			};
			buildConfigurationList = 2340432B2C3ABABC00DCAA35 /* Build configuration list for PBXProject "Tracker" */;
			compatibilityVersion = "Xcode 14.0";
			developmentRegion = en;
			hasScannedForEncodings = 0;
			knownRegions = (
				en,
				Base,
				ru,
			);
			mainGroup = 234043272C3ABABC00DCAA35;
			packageReferences = (
				2325FA9D2C80A44C0010FE41 /* XCRemoteSwiftPackageReference "swift-snapshot-testing" */,
			);
			productRefGroup = 234043312C3ABABC00DCAA35 /* Products */;
			projectDirPath = "";
			projectRoot = "";
			targets = (
				2340432F2C3ABABC00DCAA35 /* Tracker */,
				23E09EE02C7FC1E20080BACB /* TrackerTests */,
			);
		};
/* End PBXProject section */

/* Begin PBXResourcesBuildPhase section */
		2340432E2C3ABABC00DCAA35 /* Resources */ = {
			isa = PBXResourcesBuildPhase;
			buildActionMask = 2147483647;
			files = (
				234043402C3ABABF00DCAA35 /* LaunchScreen.storyboard in Resources */,
				234A1E1B2C7D2904002B8A4D /* Localizable Eng.strings in Resources */,
				2340433D2C3ABABF00DCAA35 /* Assets.xcassets in Resources */,
				234A1E1D2C7D2924002B8A4D /* Localizable Rus.strings in Resources */,
			);
			runOnlyForDeploymentPostprocessing = 0;
		};
		23E09EDF2C7FC1E20080BACB /* Resources */ = {
			isa = PBXResourcesBuildPhase;
			buildActionMask = 2147483647;
			files = (
			);
			runOnlyForDeploymentPostprocessing = 0;
		};
/* End PBXResourcesBuildPhase section */

/* Begin PBXShellScriptBuildPhase section */
		764A34DD06D5A25AD94D3566 /* [CP] Check Pods Manifest.lock */ = {
			isa = PBXShellScriptBuildPhase;
			buildActionMask = 2147483647;
			files = (
			);
			inputFileListPaths = (
			);
			inputPaths = (
				"${PODS_PODFILE_DIR_PATH}/Podfile.lock",
				"${PODS_ROOT}/Manifest.lock",
			);
			name = "[CP] Check Pods Manifest.lock";
			outputFileListPaths = (
			);
			outputPaths = (
				"$(DERIVED_FILE_DIR)/Pods-Tracker-checkManifestLockResult.txt",
			);
			runOnlyForDeploymentPostprocessing = 0;
			shellPath = /bin/sh;
			shellScript = "diff \"${PODS_PODFILE_DIR_PATH}/Podfile.lock\" \"${PODS_ROOT}/Manifest.lock\" > /dev/null\nif [ $? != 0 ] ; then\n    # print error to STDERR\n    echo \"error: The sandbox is not in sync with the Podfile.lock. Run 'pod install' or update your CocoaPods installation.\" >&2\n    exit 1\nfi\n# This output is used by Xcode 'outputs' to avoid re-running this script phase.\necho \"SUCCESS\" > \"${SCRIPT_OUTPUT_FILE_0}\"\n";
			showEnvVarsInLog = 0;
		};
/* End PBXShellScriptBuildPhase section */

/* Begin PBXSourcesBuildPhase section */
		2340432C2C3ABABC00DCAA35 /* Sources */ = {
			isa = PBXSourcesBuildPhase;
			buildActionMask = 2147483647;
			files = (
				23EE9B812C3FAC9D00219C3A /* TrackerCategory.swift in Sources */,
				2342AEBB2C7A870D00280F55 /* NewCategoryViewController.swift in Sources */,
				23EE9B892C41B76300219C3A /* ScheduleCreatorViewController.swift in Sources */,
				2342AEB72C7A763900280F55 /* CategoryViewController.swift in Sources */,
				23EE9B7D2C3FAB7100219C3A /* Tracker Struct.swift in Sources */,
				238AB6D92C5E12EE00765287 /* IrregularEventScreenViewController.swift in Sources */,
				23E45C5A2C750673001D4F87 /* TrackerCategoryStore.swift in Sources */,
				23EE9B872C40630200219C3A /* HabitCreationScreenViewController.swift in Sources */,
				23A04D242C6BC96300B84CF1 /* BaseVCClass.swift in Sources */,
				23EBBD0F2C4D36BA00C1617B /* CollectionCellTracker.swift in Sources */,
				23E45C5E2C750B31001D4F87 /* UIColorMarshalling.swift in Sources */,
				23EDE0E02C6E737100E7F6A3 /* NewTrackerSupplementaryView.swift in Sources */,
				23B3E8572C78FCD600ED09E1 /* PageViewControllers.swift in Sources */,
				23EBBD112C4D36D800C1617B /* SupplementaryView.swift in Sources */,
				23EE9B852C40399B00219C3A /* ChoiceViewController.swift in Sources */,
				2331299A2C3B6AA000823183 /* MainScreen.swift in Sources */,
				23EE9B832C3FB3C400219C3A /* TrackerRecord.swift in Sources */,
				23B0A1E92C7E8E230089B63A /* FilterViewController.swift in Sources */,
				23EE9B902C4467BA00219C3A /* TabBarViewController.swift in Sources */,
				238AB6DB2C5E2ABF00765287 /* Week days.swift in Sources */,
				23E45C582C750656001D4F87 /* TrackerStore.swift in Sources */,
				23B0A1E62C7E8D9D0089B63A /* TrackersFilter.swift in Sources */,
				23EE9B8B2C42BB2C00219C3A /* CustomCellForHabitVC.swift in Sources */,
				2381F8762C63DDD500DA3D52 /* PaddedTextField.swift in Sources */,
				2331299C2C3B7B3A00823183 /* StatisticsViewController.swift in Sources */,
				23F872D62C6D2904003D4138 /* HideKeyBoard.swift in Sources */,
				23E09EC42C7F6FCA0080BACB /* AnalyticsService.swift in Sources */,
				23B0A1E42C7E8A4E0089B63A /* CustomStatistic.swift in Sources */,
				231F82CC2C690702007ADD5E /* CustomCellForIrregularEvent.swift in Sources */,
				2325FAA32C80A9EC0010FE41 /* UIColor.swift in Sources */,
				234043342C3ABABC00DCAA35 /* AppDelegate.swift in Sources */,
				2342AEBD2C7A873400280F55 /* CategoryViewModel.swift in Sources */,
				2325FAA12C80A9C90010FE41 /* Colors.swift in Sources */,
				2342AEB92C7A86BF00280F55 /* CategoryTableViewCell.swift in Sources */,
				2372D4612C74F447001EB9DC /* Tracker.xcdatamodeld in Sources */,
				2342AEBF2C7A875400280F55 /* Binding.swift in Sources */,
				23EDE0DE2C6E72DD00E7F6A3 /* NewTrackerCollectionViewCell.swift in Sources */,
				23E45C5C2C75068D001D4F87 /* TrackerRecordStore.swift in Sources */,
				2342AEC12C7B87F800280F55 /* TrackerType.swift in Sources */,
				238250312C77E7B9003A44AA /* OnboardingViewController.swift in Sources */,
				234043362C3ABABC00DCAA35 /* SceneDelegate.swift in Sources */,
				23EBBD142C4D370900C1617B /* ExtensionTextField.swift in Sources */,
				238AB6DD2C5E337400765287 /* ScheduleCellTracker.swift in Sources */,
				23EBBD162C4D3B4700C1617B /* Constants.swift in Sources */,
			);
			runOnlyForDeploymentPostprocessing = 0;
		};
		23E09EDD2C7FC1E20080BACB /* Sources */ = {
			isa = PBXSourcesBuildPhase;
			buildActionMask = 2147483647;
			files = (
				23E09EE42C7FC1E20080BACB /* TrackerTests.swift in Sources */,
			);
			runOnlyForDeploymentPostprocessing = 0;
		};
/* End PBXSourcesBuildPhase section */

/* Begin PBXTargetDependency section */
		23E09EE62C7FC1E20080BACB /* PBXTargetDependency */ = {
			isa = PBXTargetDependency;
			target = 2340432F2C3ABABC00DCAA35 /* Tracker */;
			targetProxy = 23E09EE52C7FC1E20080BACB /* PBXContainerItemProxy */;
		};
/* End PBXTargetDependency section */

/* Begin PBXVariantGroup section */
		2340433E2C3ABABF00DCAA35 /* LaunchScreen.storyboard */ = {
			isa = PBXVariantGroup;
			children = (
				2340433F2C3ABABF00DCAA35 /* Base */,
				234A1E1E2C7D2A18002B8A4D /* ru */,
			);
			name = LaunchScreen.storyboard;
			sourceTree = "<group>";
		};
/* End PBXVariantGroup section */

/* Begin XCBuildConfiguration section */
		234043422C3ABABF00DCAA35 /* Debug */ = {
			isa = XCBuildConfiguration;
			buildSettings = {
				ALWAYS_SEARCH_USER_PATHS = NO;
				CLANG_ANALYZER_LOCALIZABILITY_NONLOCALIZED = YES;
				CLANG_ANALYZER_NONNULL = YES;
				CLANG_ANALYZER_NUMBER_OBJECT_CONVERSION = YES_AGGRESSIVE;
				CLANG_CXX_LANGUAGE_STANDARD = "gnu++20";
				CLANG_ENABLE_MODULES = YES;
				CLANG_ENABLE_OBJC_ARC = YES;
				CLANG_ENABLE_OBJC_WEAK = YES;
				CLANG_WARN_BLOCK_CAPTURE_AUTORELEASING = YES;
				CLANG_WARN_BOOL_CONVERSION = YES;
				CLANG_WARN_COMMA = YES;
				CLANG_WARN_CONSTANT_CONVERSION = YES;
				CLANG_WARN_DEPRECATED_OBJC_IMPLEMENTATIONS = YES;
				CLANG_WARN_DIRECT_OBJC_ISA_USAGE = YES_ERROR;
				CLANG_WARN_DOCUMENTATION_COMMENTS = YES;
				CLANG_WARN_EMPTY_BODY = YES;
				CLANG_WARN_ENUM_CONVERSION = YES;
				CLANG_WARN_INFINITE_RECURSION = YES;
				CLANG_WARN_INT_CONVERSION = YES;
				CLANG_WARN_NON_LITERAL_NULL_CONVERSION = YES;
				CLANG_WARN_OBJC_IMPLICIT_RETAIN_SELF = YES;
				CLANG_WARN_OBJC_LITERAL_CONVERSION = YES;
				CLANG_WARN_OBJC_ROOT_CLASS = YES_ERROR;
				CLANG_WARN_QUOTED_INCLUDE_IN_FRAMEWORK_HEADER = YES;
				CLANG_WARN_RANGE_LOOP_ANALYSIS = YES;
				CLANG_WARN_STRICT_PROTOTYPES = YES;
				CLANG_WARN_SUSPICIOUS_MOVE = YES;
				CLANG_WARN_UNGUARDED_AVAILABILITY = YES_AGGRESSIVE;
				CLANG_WARN_UNREACHABLE_CODE = YES;
				CLANG_WARN__DUPLICATE_METHOD_MATCH = YES;
				COPY_PHASE_STRIP = NO;
				DEBUG_INFORMATION_FORMAT = dwarf;
				ENABLE_STRICT_OBJC_MSGSEND = YES;
				ENABLE_TESTABILITY = YES;
				GCC_C_LANGUAGE_STANDARD = gnu11;
				GCC_DYNAMIC_NO_PIC = NO;
				GCC_NO_COMMON_BLOCKS = YES;
				GCC_OPTIMIZATION_LEVEL = 0;
				GCC_PREPROCESSOR_DEFINITIONS = (
					"DEBUG=1",
					"$(inherited)",
				);
				GCC_WARN_64_TO_32_BIT_CONVERSION = YES;
				GCC_WARN_ABOUT_RETURN_TYPE = YES_ERROR;
				GCC_WARN_UNDECLARED_SELECTOR = YES;
				GCC_WARN_UNINITIALIZED_AUTOS = YES_AGGRESSIVE;
				GCC_WARN_UNUSED_FUNCTION = YES;
				GCC_WARN_UNUSED_VARIABLE = YES;
				IPHONEOS_DEPLOYMENT_TARGET = 16.4;
				MTL_ENABLE_DEBUG_INFO = INCLUDE_SOURCE;
				MTL_FAST_MATH = YES;
				ONLY_ACTIVE_ARCH = YES;
				SDKROOT = iphoneos;
				SWIFT_ACTIVE_COMPILATION_CONDITIONS = DEBUG;
				SWIFT_OPTIMIZATION_LEVEL = "-Onone";
			};
			name = Debug;
		};
		234043432C3ABABF00DCAA35 /* Release */ = {
			isa = XCBuildConfiguration;
			buildSettings = {
				ALWAYS_SEARCH_USER_PATHS = NO;
				CLANG_ANALYZER_LOCALIZABILITY_NONLOCALIZED = YES;
				CLANG_ANALYZER_NONNULL = YES;
				CLANG_ANALYZER_NUMBER_OBJECT_CONVERSION = YES_AGGRESSIVE;
				CLANG_CXX_LANGUAGE_STANDARD = "gnu++20";
				CLANG_ENABLE_MODULES = YES;
				CLANG_ENABLE_OBJC_ARC = YES;
				CLANG_ENABLE_OBJC_WEAK = YES;
				CLANG_WARN_BLOCK_CAPTURE_AUTORELEASING = YES;
				CLANG_WARN_BOOL_CONVERSION = YES;
				CLANG_WARN_COMMA = YES;
				CLANG_WARN_CONSTANT_CONVERSION = YES;
				CLANG_WARN_DEPRECATED_OBJC_IMPLEMENTATIONS = YES;
				CLANG_WARN_DIRECT_OBJC_ISA_USAGE = YES_ERROR;
				CLANG_WARN_DOCUMENTATION_COMMENTS = YES;
				CLANG_WARN_EMPTY_BODY = YES;
				CLANG_WARN_ENUM_CONVERSION = YES;
				CLANG_WARN_INFINITE_RECURSION = YES;
				CLANG_WARN_INT_CONVERSION = YES;
				CLANG_WARN_NON_LITERAL_NULL_CONVERSION = YES;
				CLANG_WARN_OBJC_IMPLICIT_RETAIN_SELF = YES;
				CLANG_WARN_OBJC_LITERAL_CONVERSION = YES;
				CLANG_WARN_OBJC_ROOT_CLASS = YES_ERROR;
				CLANG_WARN_QUOTED_INCLUDE_IN_FRAMEWORK_HEADER = YES;
				CLANG_WARN_RANGE_LOOP_ANALYSIS = YES;
				CLANG_WARN_STRICT_PROTOTYPES = YES;
				CLANG_WARN_SUSPICIOUS_MOVE = YES;
				CLANG_WARN_UNGUARDED_AVAILABILITY = YES_AGGRESSIVE;
				CLANG_WARN_UNREACHABLE_CODE = YES;
				CLANG_WARN__DUPLICATE_METHOD_MATCH = YES;
				COPY_PHASE_STRIP = NO;
				DEBUG_INFORMATION_FORMAT = "dwarf-with-dsym";
				ENABLE_NS_ASSERTIONS = NO;
				ENABLE_STRICT_OBJC_MSGSEND = YES;
				GCC_C_LANGUAGE_STANDARD = gnu11;
				GCC_NO_COMMON_BLOCKS = YES;
				GCC_WARN_64_TO_32_BIT_CONVERSION = YES;
				GCC_WARN_ABOUT_RETURN_TYPE = YES_ERROR;
				GCC_WARN_UNDECLARED_SELECTOR = YES;
				GCC_WARN_UNINITIALIZED_AUTOS = YES_AGGRESSIVE;
				GCC_WARN_UNUSED_FUNCTION = YES;
				GCC_WARN_UNUSED_VARIABLE = YES;
				IPHONEOS_DEPLOYMENT_TARGET = 16.4;
				MTL_ENABLE_DEBUG_INFO = NO;
				MTL_FAST_MATH = YES;
				SDKROOT = iphoneos;
				SWIFT_COMPILATION_MODE = wholemodule;
				SWIFT_OPTIMIZATION_LEVEL = "-O";
				VALIDATE_PRODUCT = YES;
			};
			name = Release;
		};
		234043452C3ABABF00DCAA35 /* Debug */ = {
			isa = XCBuildConfiguration;
			baseConfigurationReference = 2C2962F216DA383802098F2C /* Pods-Tracker.debug.xcconfig */;
			buildSettings = {
				ASSETCATALOG_COMPILER_APPICON_NAME = AppIcon;
				ASSETCATALOG_COMPILER_GLOBAL_ACCENT_COLOR_NAME = AccentColor;
				CODE_SIGN_STYLE = Automatic;
				CURRENT_PROJECT_VERSION = 1;
				DEVELOPMENT_TEAM = 47QDN34MSB;
				GENERATE_INFOPLIST_FILE = YES;
				INFOPLIST_FILE = Tracker/Info.plist;
				INFOPLIST_KEY_UIApplicationSupportsIndirectInputEvents = YES;
				INFOPLIST_KEY_UILaunchStoryboardName = LaunchScreen.storyboard;
				INFOPLIST_KEY_UISupportedInterfaceOrientations = UIInterfaceOrientationPortrait;
				INFOPLIST_KEY_UISupportedInterfaceOrientations_iPad = "UIInterfaceOrientationLandscapeLeft UIInterfaceOrientationLandscapeRight UIInterfaceOrientationPortrait UIInterfaceOrientationPortraitUpsideDown";
				IPHONEOS_DEPLOYMENT_TARGET = 13.4;
				LD_RUNPATH_SEARCH_PATHS = (
					"$(inherited)",
					"@executable_path/Frameworks",
				);
				MARKETING_VERSION = 1.0;
				PRODUCT_BUNDLE_IDENTIFIER = ru.kosAleks.Tracker;
				PRODUCT_NAME = "$(TARGET_NAME)";
				SUPPORTED_PLATFORMS = "iphoneos iphonesimulator";
				SUPPORTS_MACCATALYST = NO;
				SUPPORTS_MAC_DESIGNED_FOR_IPHONE_IPAD = NO;
				SWIFT_EMIT_LOC_STRINGS = YES;
				SWIFT_VERSION = 5.0;
				TARGETED_DEVICE_FAMILY = 1;
			};
			name = Debug;
		};
		234043462C3ABABF00DCAA35 /* Release */ = {
			isa = XCBuildConfiguration;
			baseConfigurationReference = A60165ED21A1FDBA6D625133 /* Pods-Tracker.release.xcconfig */;
			buildSettings = {
				ASSETCATALOG_COMPILER_APPICON_NAME = AppIcon;
				ASSETCATALOG_COMPILER_GLOBAL_ACCENT_COLOR_NAME = AccentColor;
				CODE_SIGN_STYLE = Automatic;
				CURRENT_PROJECT_VERSION = 1;
				DEVELOPMENT_TEAM = 47QDN34MSB;
				GENERATE_INFOPLIST_FILE = YES;
				INFOPLIST_FILE = Tracker/Info.plist;
				INFOPLIST_KEY_UIApplicationSupportsIndirectInputEvents = YES;
				INFOPLIST_KEY_UILaunchStoryboardName = LaunchScreen.storyboard;
				INFOPLIST_KEY_UISupportedInterfaceOrientations = UIInterfaceOrientationPortrait;
				INFOPLIST_KEY_UISupportedInterfaceOrientations_iPad = "UIInterfaceOrientationLandscapeLeft UIInterfaceOrientationLandscapeRight UIInterfaceOrientationPortrait UIInterfaceOrientationPortraitUpsideDown";
				IPHONEOS_DEPLOYMENT_TARGET = 13.4;
				LD_RUNPATH_SEARCH_PATHS = (
					"$(inherited)",
					"@executable_path/Frameworks",
				);
				MARKETING_VERSION = 1.0;
				PRODUCT_BUNDLE_IDENTIFIER = ru.kosAleks.Tracker;
				PRODUCT_NAME = "$(TARGET_NAME)";
				SUPPORTED_PLATFORMS = "iphoneos iphonesimulator";
				SUPPORTS_MACCATALYST = NO;
				SUPPORTS_MAC_DESIGNED_FOR_IPHONE_IPAD = NO;
				SWIFT_EMIT_LOC_STRINGS = YES;
				SWIFT_VERSION = 5.0;
				TARGETED_DEVICE_FAMILY = 1;
			};
			name = Release;
		};
		23E09EE82C7FC1E20080BACB /* Debug */ = {
			isa = XCBuildConfiguration;
			buildSettings = {
				BUNDLE_LOADER = "$(TEST_HOST)";
				CODE_SIGN_STYLE = Automatic;
				CURRENT_PROJECT_VERSION = 1;
				DEVELOPMENT_TEAM = 47QDN34MSB;
				GENERATE_INFOPLIST_FILE = YES;
				MARKETING_VERSION = 1.0;
				PRODUCT_BUNDLE_IDENTIFIER = ru.kosAleks.TrackerTests;
				PRODUCT_NAME = "$(TARGET_NAME)";
				SWIFT_EMIT_LOC_STRINGS = NO;
				SWIFT_VERSION = 5.0;
				TARGETED_DEVICE_FAMILY = "1,2";
				TEST_HOST = "$(BUILT_PRODUCTS_DIR)/Tracker.app/$(BUNDLE_EXECUTABLE_FOLDER_PATH)/Tracker";
			};
			name = Debug;
		};
		23E09EE92C7FC1E20080BACB /* Release */ = {
			isa = XCBuildConfiguration;
			buildSettings = {
				BUNDLE_LOADER = "$(TEST_HOST)";
				CODE_SIGN_STYLE = Automatic;
				CURRENT_PROJECT_VERSION = 1;
				DEVELOPMENT_TEAM = 47QDN34MSB;
				GENERATE_INFOPLIST_FILE = YES;
				MARKETING_VERSION = 1.0;
				PRODUCT_BUNDLE_IDENTIFIER = ru.kosAleks.TrackerTests;
				PRODUCT_NAME = "$(TARGET_NAME)";
				SWIFT_EMIT_LOC_STRINGS = NO;
				SWIFT_VERSION = 5.0;
				TARGETED_DEVICE_FAMILY = "1,2";
				TEST_HOST = "$(BUILT_PRODUCTS_DIR)/Tracker.app/$(BUNDLE_EXECUTABLE_FOLDER_PATH)/Tracker";
			};
			name = Release;
		};
/* End XCBuildConfiguration section */

/* Begin XCConfigurationList section */
		2340432B2C3ABABC00DCAA35 /* Build configuration list for PBXProject "Tracker" */ = {
			isa = XCConfigurationList;
			buildConfigurations = (
				234043422C3ABABF00DCAA35 /* Debug */,
				234043432C3ABABF00DCAA35 /* Release */,
			);
			defaultConfigurationIsVisible = 0;
			defaultConfigurationName = Release;
		};
		234043442C3ABABF00DCAA35 /* Build configuration list for PBXNativeTarget "Tracker" */ = {
			isa = XCConfigurationList;
			buildConfigurations = (
				234043452C3ABABF00DCAA35 /* Debug */,
				234043462C3ABABF00DCAA35 /* Release */,
			);
			defaultConfigurationIsVisible = 0;
			defaultConfigurationName = Release;
		};
		23E09EE72C7FC1E20080BACB /* Build configuration list for PBXNativeTarget "TrackerTests" */ = {
			isa = XCConfigurationList;
			buildConfigurations = (
				23E09EE82C7FC1E20080BACB /* Debug */,
				23E09EE92C7FC1E20080BACB /* Release */,
			);
			defaultConfigurationIsVisible = 0;
			defaultConfigurationName = Release;
		};
/* End XCConfigurationList section */

/* Begin XCRemoteSwiftPackageReference section */
		2325FA9D2C80A44C0010FE41 /* XCRemoteSwiftPackageReference "swift-snapshot-testing" */ = {
			isa = XCRemoteSwiftPackageReference;
			repositoryURL = "https://github.com/pointfreeco/swift-snapshot-testing";
			requirement = {
				kind = upToNextMajorVersion;
				minimumVersion = 1.16.0;
			};
		};
/* End XCRemoteSwiftPackageReference section */

/* Begin XCSwiftPackageProductDependency section */
		2325FA9E2C80A44C0010FE41 /* SnapshotTesting */ = {
			isa = XCSwiftPackageProductDependency;
			package = 2325FA9D2C80A44C0010FE41 /* XCRemoteSwiftPackageReference "swift-snapshot-testing" */;
			productName = SnapshotTesting;
		};
/* End XCSwiftPackageProductDependency section */

/* Begin XCVersionGroup section */
		2372D45F2C74F447001EB9DC /* Tracker.xcdatamodeld */ = {
			isa = XCVersionGroup;
			children = (
				2372D4602C74F447001EB9DC /* Tracker.xcdatamodel */,
			);
			currentVersion = 2372D4602C74F447001EB9DC /* Tracker.xcdatamodel */;
			path = Tracker.xcdatamodeld;
			sourceTree = "<group>";
			versionGroupType = wrapper.xcdatamodel;
		};
/* End XCVersionGroup section */
	};
	rootObject = 234043282C3ABABC00DCAA35 /* Project object */;
}
